
Microsoft Visual Studio Solution File, Format Version 12.00
# Visual Studio Version 17
VisualStudioVersion = 17.4.33103.184
MinimumVisualStudioVersion = 10.0.40219.1
Project("{FAE04EC0-301F-11D3-BF4B-00C04F79EFBC}") = "ProjetoTesteMantis", "ProjetoTesteMantis\ProjetoTesteMantis.csproj", "{494AE56B-7F7C-4F5B-95CB-2F56A7A715F2}"
EndProject
Global
	GlobalSection(SolutionConfigurationPlatforms) = preSolution
		Debug|Any CPU = Debug|Any CPU
		Release|Any CPU = Release|Any CPU
	EndGlobalSection
	GlobalSection(ProjectConfigurationPlatforms) = postSolution
		{494AE56B-7F7C-4F5B-95CB-2F56A7A715F2}.Debug|Any CPU.ActiveCfg = Debug|Any CPU
		{494AE56B-7F7C-4F5B-95CB-2F56A7A715F2}.Debug|Any CPU.Build.0 = Debug|Any CPU
		{494AE56B-7F7C-4F5B-95CB-2F56A7A715F2}.Release|Any CPU.ActiveCfg = Release|Any CPU
		{494AE56B-7F7C-4F5B-95CB-2F56A7A715F2}.Release|Any CPU.Build.0 = Release|Any CPU
	EndGlobalSection
	GlobalSection(SolutionProperties) = preSolution
		HideSolutionNode = FALSE
	EndGlobalSection
	GlobalSection(ExtensibilityGlobals) = postSolution
		SolutionGuid = {E4CFF86D-587A-4E99-9EC8-6D16BF4D924E}
	EndGlobalSection
EndGlobal
